// !$*UTF8*$!
{
	archiveVersion = 1;
	classes = {
	};
	objectVersion = 48;
	objects = {

/* Begin PBXBuildFile section */
		430BBB97206B629B00D7999F /* AppDelegate.m in Sources */ = {isa = PBXBuildFile; fileRef = 430BBB96206B629B00D7999F /* AppDelegate.m */; };
		430BBB9A206B629B00D7999F /* ViewController.m in Sources */ = {isa = PBXBuildFile; fileRef = 430BBB99206B629B00D7999F /* ViewController.m */; };
		430BBB9D206B629B00D7999F /* Main.storyboard in Resources */ = {isa = PBXBuildFile; fileRef = 430BBB9B206B629B00D7999F /* Main.storyboard */; };
		430BBB9F206B629B00D7999F /* Assets.xcassets in Resources */ = {isa = PBXBuildFile; fileRef = 430BBB9E206B629B00D7999F /* Assets.xcassets */; };
		430BBBA2206B629B00D7999F /* LaunchScreen.storyboard in Resources */ = {isa = PBXBuildFile; fileRef = 430BBBA0206B629B00D7999F /* LaunchScreen.storyboard */; };
		430BBBA5206B629C00D7999F /* main.m in Sources */ = {isa = PBXBuildFile; fileRef = 430BBBA4206B629C00D7999F /* main.m */; };
/* End PBXBuildFile section */

/* Begin PBXFileReference section */
		430BBB92206B629B00D7999F /* RFTestDemo.app */ = {isa = PBXFileReference; explicitFileType = wrapper.application; includeInIndex = 0; path = RFTestDemo.app; sourceTree = BUILT_PRODUCTS_DIR; };
		430BBB95206B629B00D7999F /* AppDelegate.h */ = {isa = PBXFileReference; lastKnownFileType = sourcecode.c.h; path = AppDelegate.h; sourceTree = "<group>"; };
		430BBB96206B629B00D7999F /* AppDelegate.m */ = {isa = PBXFileReference; lastKnownFileType = sourcecode.c.objc; path = AppDelegate.m; sourceTree = "<group>"; };
		430BBB98206B629B00D7999F /* ViewController.h */ = {isa = PBXFileReference; lastKnownFileType = sourcecode.c.h; path = ViewController.h; sourceTree = "<group>"; };
		430BBB99206B629B00D7999F /* ViewController.m */ = {isa = PBXFileReference; lastKnownFileType = sourcecode.c.objc; path = ViewController.m; sourceTree = "<group>"; };
		430BBB9C206B629B00D7999F /* Base */ = {isa = PBXFileReference; lastKnownFileType = file.storyboard; name = Base; path = Base.lproj/Main.storyboard; sourceTree = "<group>"; };
		430BBB9E206B629B00D7999F /* Assets.xcassets */ = {isa = PBXFileReference; lastKnownFileType = folder.assetcatalog; path = Assets.xcassets; sourceTree = "<group>"; };
		430BBBA1206B629B00D7999F /* Base */ = {isa = PBXFileReference; lastKnownFileType = file.storyboard; name = Base; path = Base.lproj/LaunchScreen.storyboard; sourceTree = "<group>"; };
		430BBBA3206B629B00D7999F /* Info.plist */ = {isa = PBXFileReference; lastKnownFileType = text.plist.xml; path = Info.plist; sourceTree = "<group>"; };
		430BBBA4206B629C00D7999F /* main.m */ = {isa = PBXFileReference; lastKnownFileType = sourcecode.c.objc; path = main.m; sourceTree = "<group>"; };
/* End PBXFileReference section */

/* Begin PBXFrameworksBuildPhase section */
		430BBB8F206B629B00D7999F /* Frameworks */ = {
			isa = PBXFrameworksBuildPhase;
			buildActionMask = 2147483647;
			files = (
			);
			runOnlyForDeploymentPostprocessing = 0;
		};
/* End PBXFrameworksBuildPhase section */

/* Begin PBXGroup section */
		430BBB89206B629B00D7999F = {
			isa = PBXGroup;
			children = (
				430BBB94206B629B00D7999F /* RFTestDemo */,
				430BBB93206B629B00D7999F /* Products */,
			);
			sourceTree = "<group>";
		};
		430BBB93206B629B00D7999F /* Products */ = {
			isa = PBXGroup;
			children = (
				430BBB92206B629B00D7999F /* RFTestDemo.app */,
			);
			name = Products;
			sourceTree = "<group>";
		};
		430BBB94206B629B00D7999F /* RFTestDemo */ = {
			isa = PBXGroup;
			children = (
				430BBB95206B629B00D7999F /* AppDelegate.h */,
				430BBB96206B629B00D7999F /* AppDelegate.m */,
				430BBB98206B629B00D7999F /* ViewController.h */,
				430BBB99206B629B00D7999F /* ViewController.m */,
				430BBB9B206B629B00D7999F /* Main.storyboard */,
				430BBB9E206B629B00D7999F /* Assets.xcassets */,
				430BBBA0206B629B00D7999F /* LaunchScreen.storyboard */,
				430BBBA3206B629B00D7999F /* Info.plist */,
				430BBBA4206B629C00D7999F /* main.m */,
			);
			path = RFTestDemo;
			sourceTree = "<group>";
		};
/* End PBXGroup section */

/* Begin PBXNativeTarget section */
		430BBB91206B629B00D7999F /* RFTestDemo */ = {
			isa = PBXNativeTarget;
			buildConfigurationList = 430BBBA8206B629C00D7999F /* Build configuration list for PBXNativeTarget "RFTestDemo" */;
			buildPhases = (
				430BBB8E206B629B00D7999F /* Sources */,
				430BBB8F206B629B00D7999F /* Frameworks */,
				430BBB90206B629B00D7999F /* Resources */,
			);
			buildRules = (
			);
			dependencies = (
			);
			name = RFTestDemo;
			productName = RFTestDemo;
			productReference = 430BBB92206B629B00D7999F /* RFTestDemo.app */;
			productType = "com.apple.product-type.application";
		};
/* End PBXNativeTarget section */

/* Begin PBXProject section */
		430BBB8A206B629B00D7999F /* Project object */ = {
			isa = PBXProject;
			attributes = {
				LastUpgradeCheck = 0920;
				ORGANIZATIONNAME = redfinge;
				TargetAttributes = {
					430BBB91206B629B00D7999F = {
						CreatedOnToolsVersion = 9.2;
						ProvisioningStyle = Automatic;
					};
				};
			};
			buildConfigurationList = 430BBB8D206B629B00D7999F /* Build configuration list for PBXProject "RFTestDemo" */;
			compatibilityVersion = "Xcode 8.0";
			developmentRegion = en;
			hasScannedForEncodings = 0;
			knownRegions = (
				en,
				Base,
			);
			mainGroup = 430BBB89206B629B00D7999F;
			productRefGroup = 430BBB93206B629B00D7999F /* Products */;
			projectDirPath = "";
			projectRoot = "";
			targets = (
				430BBB91206B629B00D7999F /* RFTestDemo */,
			);
		};
/* End PBXProject section */

/* Begin PBXResourcesBuildPhase section */
		430BBB90206B629B00D7999F /* Resources */ = {
			isa = PBXResourcesBuildPhase;
			buildActionMask = 2147483647;
			files = (
				430BBBA2206B629B00D7999F /* LaunchScreen.storyboard in Resources */,
				430BBB9F206B629B00D7999F /* Assets.xcassets in Resources */,
				430BBB9D206B629B00D7999F /* Main.storyboard in Resources */,
			);
			runOnlyForDeploymentPostprocessing = 0;
		};
/* End PBXResourcesBuildPhase section */

/* Begin PBXSourcesBuildPhase section */
		430BBB8E206B629B00D7999F /* Sources */ = {
			isa = PBXSourcesBuildPhase;
			buildActionMask = 2147483647;
			files = (
				430BBB9A206B629B00D7999F /* ViewController.m in Sources */,
				430BBBA5206B629C00D7999F /* main.m in Sources */,
				430BBB97206B629B00D7999F /* AppDelegate.m in Sources */,
			);
			runOnlyForDeploymentPostprocessing = 0;
		};
/* End PBXSourcesBuildPhase section */

/* Begin PBXVariantGroup section */
		430BBB9B206B629B00D7999F /* Main.storyboard */ = {
			isa = PBXVariantGroup;
			children = (
				430BBB9C206B629B00D7999F /* Base */,
			);
			name = Main.storyboard;
			sourceTree = "<group>";
		};
		430BBBA0206B629B00D7999F /* LaunchScreen.storyboard */ = {
			isa = PBXVariantGroup;
			children = (
				430BBBA1206B629B00D7999F /* Base */,
			);
			name = LaunchScreen.storyboard;
			sourceTree = "<group>";
		};
/* End PBXVariantGroup section */

/* Begin XCBuildConfiguration section */
		430BBBA6206B629C00D7999F /* Debug */ = {
			isa = XCBuildConfiguration;
			buildSettings = {
				ALWAYS_SEARCH_USER_PATHS = NO;
				CLANG_ANALYZER_NONNULL = YES;
				CLANG_ANALYZER_NUMBER_OBJECT_CONVERSION = YES_AGGRESSIVE;
				CLANG_CXX_LANGUAGE_STANDARD = "gnu++14";
				CLANG_CXX_LIBRARY = "libc++";
				CLANG_ENABLE_MODULES = YES;
				CLANG_ENABLE_OBJC_ARC = YES;
				CLANG_WARN_BLOCK_CAPTURE_AUTORELEASING = YES;
				CLANG_WARN_BOOL_CONVERSION = YES;
				CLANG_WARN_COMMA = YES;
				CLANG_WARN_CONSTANT_CONVERSION = YES;
				CLANG_WARN_DIRECT_OBJC_ISA_USAGE = YES_ERROR;
				CLANG_WARN_DOCUMENTATION_COMMENTS = YES;
				CLANG_WARN_EMPTY_BODY = YES;
				CLANG_WARN_ENUM_CONVERSION = YES;
				CLANG_WARN_INFINITE_RECURSION = YES;
				CLANG_WARN_INT_CONVERSION = YES;
				CLANG_WARN_NON_LITERAL_NULL_CONVERSION = YES;
				CLANG_WARN_OBJC_LITERAL_CONVERSION = YES;
				CLANG_WARN_OBJC_ROOT_CLASS = YES_ERROR;
				CLANG_WARN_RANGE_LOOP_ANALYSIS = YES;
				CLANG_WARN_STRICT_PROTOTYPES = YES;
				CLANG_WARN_SUSPICIOUS_MOVE = YES;
				CLANG_WARN_UNGUARDED_AVAILABILITY = YES_AGGRESSIVE;
				CLANG_WARN_UNREACHABLE_CODE = YES;
				CLANG_WARN__DUPLICATE_METHOD_MATCH = YES;
				CODE_SIGN_IDENTITY = "iPhone Developer";
				COPY_PHASE_STRIP = NO;
				DEBUG_INFORMATION_FORMAT = dwarf;
				ENABLE_STRICT_OBJC_MSGSEND = YES;
				ENABLE_TESTABILITY = YES;
				GCC_C_LANGUAGE_STANDARD = gnu11;
				GCC_DYNAMIC_NO_PIC = NO;
				GCC_NO_COMMON_BLOCKS = YES;
				GCC_OPTIMIZATION_LEVEL = 0;
				GCC_PREPROCESSOR_DEFINITIONS = (
					"DEBUG=1",
					"$(inherited)",
				);
				GCC_WARN_64_TO_32_BIT_CONVERSION = YES;
				GCC_WARN_ABOUT_RETURN_TYPE = YES_ERROR;
				GCC_WARN_UNDECLARED_SELECTOR = YES;
				GCC_WARN_UNINITIALIZED_AUTOS = YES_AGGRESSIVE;
				GCC_WARN_UNUSED_FUNCTION = YES;
				GCC_WARN_UNUSED_VARIABLE = YES;
				IPHONEOS_DEPLOYMENT_TARGET = 11.2;
				MTL_ENABLE_DEBUG_INFO = YES;
				ONLY_ACTIVE_ARCH = YES;
				SDKROOT = iphoneos;
			};
			name = Debug;
		};
		430BBBA7206B629C00D7999F /* Release */ = {
			isa = XCBuildConfiguration;
			buildSettings = {
				ALWAYS_SEARCH_USER_PATHS = NO;
				CLANG_ANALYZER_NONNULL = YES;
				CLANG_ANALYZER_NUMBER_OBJECT_CONVERSION = YES_AGGRESSIVE;
				CLANG_CXX_LANGUAGE_STANDARD = "gnu++14";
				CLANG_CXX_LIBRARY = "libc++";
				CLANG_ENABLE_MODULES = YES;
				CLANG_ENABLE_OBJC_ARC = YES;
				CLANG_WARN_BLOCK_CAPTURE_AUTORELEASING = YES;
				CLANG_WARN_BOOL_CONVERSION = YES;
				CLANG_WARN_COMMA = YES;
				CLANG_WARN_CONSTANT_CONVERSION = YES;
				CLANG_WARN_DIRECT_OBJC_ISA_USAGE = YES_ERROR;
				CLANG_WARN_DOCUMENTATION_COMMENTS = YES;
				CLANG_WARN_EMPTY_BODY = YES;
				CLANG_WARN_ENUM_CONVERSION = YES;
				CLANG_WARN_INFINITE_RECURSION = YES;
				CLANG_WARN_INT_CONVERSION = YES;
				CLANG_WARN_NON_LITERAL_NULL_CONVERSION = YES;
				CLANG_WARN_OBJC_LITERAL_CONVERSION = YES;
				CLANG_WARN_OBJC_ROOT_CLASS = YES_ERROR;
				CLANG_WARN_RANGE_LOOP_ANALYSIS = YES;
				CLANG_WARN_STRICT_PROTOTYPES = YES;
				CLANG_WARN_SUSPICIOUS_MOVE = YES;
				CLANG_WARN_UNGUARDED_AVAILABILITY = YES_AGGRESSIVE;
				CLANG_WARN_UNREACHABLE_CODE = YES;
				CLANG_WARN__DUPLICATE_METHOD_MATCH = YES;
				CODE_SIGN_IDENTITY = "iPhone Developer";
				COPY_PHASE_STRIP = NO;
				DEBUG_INFORMATION_FORMAT = "dwarf-with-dsym";
				ENABLE_NS_ASSERTIONS = NO;
				ENABLE_STRICT_OBJC_MSGSEND = YES;
				GCC_C_LANGUAGE_STANDARD = gnu11;
				GCC_NO_COMMON_BLOCKS = YES;
				GCC_WARN_64_TO_32_BIT_CONVERSION = YES;
				GCC_WARN_ABOUT_RETURN_TYPE = YES_ERROR;
				GCC_WARN_UNDECLARED_SELECTOR = YES;
				GCC_WARN_UNINITIALIZED_AUTOS = YES_AGGRESSIVE;
				GCC_WARN_UNUSED_FUNCTION = YES;
				GCC_WARN_UNUSED_VARIABLE = YES;
				IPHONEOS_DEPLOYMENT_TARGET = 11.2;
				MTL_ENABLE_DEBUG_INFO = NO;
				SDKROOT = iphoneos;
				VALIDATE_PRODUCT = YES;
			};
			name = Release;
		};
		430BBBA9206B629C00D7999F /* Debug */ = {
			isa = XCBuildConfiguration;
			buildSettings = {
				ASSETCATALOG_COMPILER_APPICON_NAME = AppIcon;
				CODE_SIGN_STYLE = Automatic;
				DEVELOPMENT_TEAM = U3QT8LF4JE;
				INFOPLIST_FILE = RFTestDemo/Info.plist;
				LD_RUNPATH_SEARCH_PATHS = "$(inherited) @executable_path/Frameworks";
				PRODUCT_BUNDLE_IDENTIFIER = com.redfinge.RFTestDemo;
				PRODUCT_NAME = "$(TARGET_NAME)";
				TARGETED_DEVICE_FAMILY = "1,2";
			};
			name = Debug;
		};
		430BBBAA206B629C00D7999F /* Release */ = {
			isa = XCBuildConfiguration;
			buildSettings = {
				ASSETCATALOG_COMPILER_APPICON_NAME = AppIcon;
				CODE_SIGN_STYLE = Automatic;
				DEVELOPMENT_TEAM = U3QT8LF4JE;
				INFOPLIST_FILE = RFTestDemo/Info.plist;
				LD_RUNPATH_SEARCH_PATHS = "$(inherited) @executable_path/Frameworks";
				PRODUCT_BUNDLE_IDENTIFIER = com.redfinge.RFTestDemo;
				PRODUCT_NAME = "$(TARGET_NAME)";
				TARGETED_DEVICE_FAMILY = "1,2";
			};
			name = Release;
		};
/* End XCBuildConfiguration section */

/* Begin XCConfigurationList section */
		430BBB8D206B629B00D7999F /* Build configuration list for PBXProject "RFTestDemo" */ = {
			isa = XCConfigurationList;
			buildConfigurations = (
				430BBBA6206B629C00D7999F /* Debug */,
				430BBBA7206B629C00D7999F /* Release */,
			);
			defaultConfigurationIsVisible = 0;
			defaultConfigurationName = Release;
		};
		430BBBA8206B629C00D7999F /* Build configuration list for PBXNativeTarget "RFTestDemo" */ = {
			isa = XCConfigurationList;
			buildConfigurations = (
				430BBBA9206B629C00D7999F /* Debug */,
				430BBBAA206B629C00D7999F /* Release */,
			);
			defaultConfigurationIsVisible = 0;
			defaultConfigurationName = Release;
		};
/* End XCConfigurationList section */
	};
	rootObject = 430BBB8A206B629B00D7999F /* Project object */;
}
