// !$*UTF8*$!
{
	archiveVersion = 1;
	classes = {
	};
	objectVersion = 48;
	objects = {

/* Begin PBXBuildFile section */
		430BBB97206B629B00D7999F /* AppDelegate.m in Sources */ = {isa = PBXBuildFile; fileRef = 430BBB96206B629B00D7999F /* AppDelegate.m */; };
		430BBB9D206B629B00D7999F /* Main.storyboard in Resources */ = {isa = PBXBuildFile; fileRef = 430BBB9B206B629B00D7999F /* Main.storyboard */; };
		430BBB9F206B629B00D7999F /* Assets.xcassets in Resources */ = {isa = PBXBuildFile; fileRef = 430BBB9E206B629B00D7999F /* Assets.xcassets */; };
		430BBBA2206B629B00D7999F /* LaunchScreen.storyboard in Resources */ = {isa = PBXBuildFile; fileRef = 430BBBA0206B629B00D7999F /* LaunchScreen.storyboard */; };
		430BBBA5206B629C00D7999F /* main.m in Sources */ = {isa = PBXBuildFile; fileRef = 430BBBA4206B629C00D7999F /* main.m */; };
		430BBBB2206B63EF00D7999F /* RFTestDemoUITests.m in Sources */ = {isa = PBXBuildFile; fileRef = 430BBBB1206B63EF00D7999F /* RFTestDemoUITests.m */; };
		430BBBBB206B642900D7999F /* SnapshotHelper.swift in Sources */ = {isa = PBXBuildFile; fileRef = 430BBBBA206B642900D7999F /* SnapshotHelper.swift */; };
		434D0118207EF4D600666193 /* ViewController.m in Sources */ = {isa = PBXBuildFile; fileRef = 434D00F6207EF4D500666193 /* ViewController.m */; };
		434D0119207EF4D600666193 /* TestViewController.m in Sources */ = {isa = PBXBuildFile; fileRef = 434D00F9207EF4D500666193 /* TestViewController.m */; };
		434D011A207EF4D600666193 /* NextViewController.m in Sources */ = {isa = PBXBuildFile; fileRef = 434D00FA207EF4D500666193 /* NextViewController.m */; };
		434D011B207EF4D600666193 /* HomeViewModel.m in Sources */ = {isa = PBXBuildFile; fileRef = 434D0101207EF4D500666193 /* HomeViewModel.m */; };
		434D011C207EF4D600666193 /* Box.m in Sources */ = {isa = PBXBuildFile; fileRef = 434D0103207EF4D500666193 /* Box.m */; };
		434D011D207EF4D600666193 /* HomeCellViewModel.m in Sources */ = {isa = PBXBuildFile; fileRef = 434D0106207EF4D500666193 /* HomeCellViewModel.m */; };
		434D011E207EF4D600666193 /* test.html in Resources */ = {isa = PBXBuildFile; fileRef = 434D0108207EF4D500666193 /* test.html */; };
		434D011F207EF4D600666193 /* HomeCell.m in Sources */ = {isa = PBXBuildFile; fileRef = 434D010C207EF4D600666193 /* HomeCell.m */; };
		434D0120207EF4D600666193 /* HomeCell.xib in Resources */ = {isa = PBXBuildFile; fileRef = 434D010D207EF4D600666193 /* HomeCell.xib */; };
		434D013B207EF6E600666193 /* RFHttpClient.m in Sources */ = {isa = PBXBuildFile; fileRef = 434D0123207EF6E600666193 /* RFHttpClient.m */; };
		434D013C207EF6E600666193 /* RFHttpConfig.m in Sources */ = {isa = PBXBuildFile; fileRef = 434D0124207EF6E600666193 /* RFHttpConfig.m */; };
		434D013E207EF6E600666193 /* RFExceptionHelper.m in Sources */ = {isa = PBXBuildFile; fileRef = 434D012C207EF6E600666193 /* RFExceptionHelper.m */; };
		434D013F207EF6E600666193 /* RFExceptionUploader.m in Sources */ = {isa = PBXBuildFile; fileRef = 434D012E207EF6E600666193 /* RFExceptionUploader.m */; };
		434D0140207EF6E600666193 /* RFCrashCollector.m in Sources */ = {isa = PBXBuildFile; fileRef = 434D012F207EF6E600666193 /* RFCrashCollector.m */; };
		434D0141207EF6E600666193 /* RFExceptionCapture.m in Sources */ = {isa = PBXBuildFile; fileRef = 434D0133207EF6E600666193 /* RFExceptionCapture.m */; };
		434D014A207EFDFB00666193 /* HomeModel.m in Sources */ = {isa = PBXBuildFile; fileRef = 434D0149207EFDFB00666193 /* HomeModel.m */; };
		43ED8D21207F3D6900F32E80 /* RFCache.m in Sources */ = {isa = PBXBuildFile; fileRef = 43ED8D20207F3D6900F32E80 /* RFCache.m */; };
		CFE5C948E5C2CC4C22F71D64 /* Pods_RFTestDemo.framework in Frameworks */ = {isa = PBXBuildFile; fileRef = 638B729F1779850CE9BE47D3 /* Pods_RFTestDemo.framework */; };
/* End PBXBuildFile section */

/* Begin PBXContainerItemProxy section */
		430BBBB4206B63EF00D7999F /* PBXContainerItemProxy */ = {
			isa = PBXContainerItemProxy;
			containerPortal = 430BBB8A206B629B00D7999F /* Project object */;
			proxyType = 1;
			remoteGlobalIDString = 430BBB91206B629B00D7999F;
			remoteInfo = RFTestDemo;
		};
/* End PBXContainerItemProxy section */

/* Begin PBXFileReference section */
		430BBB92206B629B00D7999F /* RFTestDemo.app */ = {isa = PBXFileReference; explicitFileType = wrapper.application; includeInIndex = 0; path = RFTestDemo.app; sourceTree = BUILT_PRODUCTS_DIR; };
		430BBB95206B629B00D7999F /* AppDelegate.h */ = {isa = PBXFileReference; lastKnownFileType = sourcecode.c.h; path = AppDelegate.h; sourceTree = "<group>"; };
		430BBB96206B629B00D7999F /* AppDelegate.m */ = {isa = PBXFileReference; lastKnownFileType = sourcecode.c.objc; path = AppDelegate.m; sourceTree = "<group>"; };
		430BBB9C206B629B00D7999F /* Base */ = {isa = PBXFileReference; lastKnownFileType = file.storyboard; name = Base; path = Base.lproj/Main.storyboard; sourceTree = "<group>"; };
		430BBB9E206B629B00D7999F /* Assets.xcassets */ = {isa = PBXFileReference; lastKnownFileType = folder.assetcatalog; path = Assets.xcassets; sourceTree = "<group>"; };
		430BBBA1206B629B00D7999F /* Base */ = {isa = PBXFileReference; lastKnownFileType = file.storyboard; name = Base; path = Base.lproj/LaunchScreen.storyboard; sourceTree = "<group>"; };
		430BBBA3206B629B00D7999F /* Info.plist */ = {isa = PBXFileReference; lastKnownFileType = text.plist.xml; path = Info.plist; sourceTree = "<group>"; };
		430BBBA4206B629C00D7999F /* main.m */ = {isa = PBXFileReference; lastKnownFileType = sourcecode.c.objc; path = main.m; sourceTree = "<group>"; };
		430BBBAF206B63EF00D7999F /* RFTestDemoUITests.xctest */ = {isa = PBXFileReference; explicitFileType = wrapper.cfbundle; includeInIndex = 0; path = RFTestDemoUITests.xctest; sourceTree = BUILT_PRODUCTS_DIR; };
		430BBBB1206B63EF00D7999F /* RFTestDemoUITests.m */ = {isa = PBXFileReference; lastKnownFileType = sourcecode.c.objc; path = RFTestDemoUITests.m; sourceTree = "<group>"; };
		430BBBB3206B63EF00D7999F /* Info.plist */ = {isa = PBXFileReference; lastKnownFileType = text.plist.xml; path = Info.plist; sourceTree = "<group>"; };
		430BBBB9206B642900D7999F /* RFTestDemoUITests-Bridging-Header.h */ = {isa = PBXFileReference; lastKnownFileType = sourcecode.c.h; path = "RFTestDemoUITests-Bridging-Header.h"; sourceTree = "<group>"; };
		430BBBBA206B642900D7999F /* SnapshotHelper.swift */ = {isa = PBXFileReference; fileEncoding = 4; lastKnownFileType = sourcecode.swift; path = SnapshotHelper.swift; sourceTree = SOURCE_ROOT; };
		430BBBBC206B684A00D7999F /* RFTestUI-Swift.h */ = {isa = PBXFileReference; lastKnownFileType = sourcecode.c.h; path = "RFTestUI-Swift.h"; sourceTree = "<group>"; };
		434D00F6207EF4D500666193 /* ViewController.m */ = {isa = PBXFileReference; fileEncoding = 4; lastKnownFileType = sourcecode.c.objc; path = ViewController.m; sourceTree = "<group>"; };
		434D00F7207EF4D500666193 /* ViewController.h */ = {isa = PBXFileReference; fileEncoding = 4; lastKnownFileType = sourcecode.c.h; path = ViewController.h; sourceTree = "<group>"; };
		434D00F9207EF4D500666193 /* TestViewController.m */ = {isa = PBXFileReference; fileEncoding = 4; lastKnownFileType = sourcecode.c.objc; path = TestViewController.m; sourceTree = "<group>"; };
		434D00FA207EF4D500666193 /* NextViewController.m */ = {isa = PBXFileReference; fileEncoding = 4; lastKnownFileType = sourcecode.c.objc; path = NextViewController.m; sourceTree = "<group>"; };
		434D00FB207EF4D500666193 /* NextViewController.h */ = {isa = PBXFileReference; fileEncoding = 4; lastKnownFileType = sourcecode.c.h; path = NextViewController.h; sourceTree = "<group>"; };
		434D00FC207EF4D500666193 /* TestViewController.h */ = {isa = PBXFileReference; fileEncoding = 4; lastKnownFileType = sourcecode.c.h; path = TestViewController.h; sourceTree = "<group>"; };
		434D00FF207EF4D500666193 /* Box.h */ = {isa = PBXFileReference; fileEncoding = 4; lastKnownFileType = sourcecode.c.h; path = Box.h; sourceTree = "<group>"; };
		434D0101207EF4D500666193 /* HomeViewModel.m */ = {isa = PBXFileReference; fileEncoding = 4; lastKnownFileType = sourcecode.c.objc; path = HomeViewModel.m; sourceTree = "<group>"; };
		434D0102207EF4D500666193 /* HomeViewModel.h */ = {isa = PBXFileReference; fileEncoding = 4; lastKnownFileType = sourcecode.c.h; path = HomeViewModel.h; sourceTree = "<group>"; };
		434D0103207EF4D500666193 /* Box.m */ = {isa = PBXFileReference; fileEncoding = 4; lastKnownFileType = sourcecode.c.objc; path = Box.m; sourceTree = "<group>"; };
		434D0105207EF4D500666193 /* HomeCellViewModel.h */ = {isa = PBXFileReference; fileEncoding = 4; lastKnownFileType = sourcecode.c.h; path = HomeCellViewModel.h; sourceTree = "<group>"; };
		434D0106207EF4D500666193 /* HomeCellViewModel.m */ = {isa = PBXFileReference; fileEncoding = 4; lastKnownFileType = sourcecode.c.objc; path = HomeCellViewModel.m; sourceTree = "<group>"; };
		434D0108207EF4D500666193 /* test.html */ = {isa = PBXFileReference; fileEncoding = 4; lastKnownFileType = text.html; path = test.html; sourceTree = "<group>"; };
		434D010B207EF4D600666193 /* HomeCell.h */ = {isa = PBXFileReference; fileEncoding = 4; lastKnownFileType = sourcecode.c.h; path = HomeCell.h; sourceTree = "<group>"; };
		434D010C207EF4D600666193 /* HomeCell.m */ = {isa = PBXFileReference; fileEncoding = 4; lastKnownFileType = sourcecode.c.objc; path = HomeCell.m; sourceTree = "<group>"; };
		434D010D207EF4D600666193 /* HomeCell.xib */ = {isa = PBXFileReference; fileEncoding = 4; lastKnownFileType = file.xib; path = HomeCell.xib; sourceTree = "<group>"; };
		434D0123207EF6E600666193 /* RFHttpClient.m */ = {isa = PBXFileReference; fileEncoding = 4; lastKnownFileType = sourcecode.c.objc; path = RFHttpClient.m; sourceTree = "<group>"; };
		434D0124207EF6E600666193 /* RFHttpConfig.m */ = {isa = PBXFileReference; fileEncoding = 4; lastKnownFileType = sourcecode.c.objc; path = RFHttpConfig.m; sourceTree = "<group>"; };
		434D0126207EF6E600666193 /* RFHttpClient.h */ = {isa = PBXFileReference; fileEncoding = 4; lastKnownFileType = sourcecode.c.h; path = RFHttpClient.h; sourceTree = "<group>"; };
		434D0127207EF6E600666193 /* RFHttpConfig.h */ = {isa = PBXFileReference; fileEncoding = 4; lastKnownFileType = sourcecode.c.h; path = RFHttpConfig.h; sourceTree = "<group>"; };
		434D0128207EF6E600666193 /* RFHttpClientDelegate.h */ = {isa = PBXFileReference; fileEncoding = 4; lastKnownFileType = sourcecode.c.h; path = RFHttpClientDelegate.h; sourceTree = "<group>"; };
		434D012C207EF6E600666193 /* RFExceptionHelper.m */ = {isa = PBXFileReference; fileEncoding = 4; lastKnownFileType = sourcecode.c.objc; path = RFExceptionHelper.m; sourceTree = "<group>"; };
		434D012D207EF6E600666193 /* RFExceptionCaptureProtocol.h */ = {isa = PBXFileReference; fileEncoding = 4; lastKnownFileType = sourcecode.c.h; path = RFExceptionCaptureProtocol.h; sourceTree = "<group>"; };
		434D012E207EF6E600666193 /* RFExceptionUploader.m */ = {isa = PBXFileReference; fileEncoding = 4; lastKnownFileType = sourcecode.c.objc; path = RFExceptionUploader.m; sourceTree = "<group>"; };
		434D012F207EF6E600666193 /* RFCrashCollector.m */ = {isa = PBXFileReference; fileEncoding = 4; lastKnownFileType = sourcecode.c.objc; path = RFCrashCollector.m; sourceTree = "<group>"; };
		434D0130207EF6E600666193 /* RFExceptionCapture.h */ = {isa = PBXFileReference; fileEncoding = 4; lastKnownFileType = sourcecode.c.h; path = RFExceptionCapture.h; sourceTree = "<group>"; };
		434D0131207EF6E600666193 /* RFExceptionHelper.h */ = {isa = PBXFileReference; fileEncoding = 4; lastKnownFileType = sourcecode.c.h; path = RFExceptionHelper.h; sourceTree = "<group>"; };
		434D0132207EF6E600666193 /* RFExceptionUploader.h */ = {isa = PBXFileReference; fileEncoding = 4; lastKnownFileType = sourcecode.c.h; path = RFExceptionUploader.h; sourceTree = "<group>"; };
		434D0133207EF6E600666193 /* RFExceptionCapture.m */ = {isa = PBXFileReference; fileEncoding = 4; lastKnownFileType = sourcecode.c.objc; path = RFExceptionCapture.m; sourceTree = "<group>"; };
		434D0134207EF6E600666193 /* RFCrashCollector.h */ = {isa = PBXFileReference; fileEncoding = 4; lastKnownFileType = sourcecode.c.h; path = RFCrashCollector.h; sourceTree = "<group>"; };
		434D0136207EF6E600666193 /* RFReactView.h */ = {isa = PBXFileReference; fileEncoding = 4; lastKnownFileType = sourcecode.c.h; path = RFReactView.h; sourceTree = "<group>"; };
		434D0148207EFDFB00666193 /* HomeModel.h */ = {isa = PBXFileReference; fileEncoding = 4; lastKnownFileType = sourcecode.c.h; path = HomeModel.h; sourceTree = "<group>"; };
		434D0149207EFDFB00666193 /* HomeModel.m */ = {isa = PBXFileReference; fileEncoding = 4; lastKnownFileType = sourcecode.c.objc; path = HomeModel.m; sourceTree = "<group>"; };
		43ED8D1F207F3D6900F32E80 /* RFCache.h */ = {isa = PBXFileReference; lastKnownFileType = sourcecode.c.h; path = RFCache.h; sourceTree = "<group>"; };
		43ED8D20207F3D6900F32E80 /* RFCache.m */ = {isa = PBXFileReference; lastKnownFileType = sourcecode.c.objc; path = RFCache.m; sourceTree = "<group>"; };
		43FF27E920731D62004950B3 /* RFPrefixHeader.pch */ = {isa = PBXFileReference; lastKnownFileType = sourcecode.c.h; path = RFPrefixHeader.pch; sourceTree = "<group>"; };
		638B729F1779850CE9BE47D3 /* Pods_RFTestDemo.framework */ = {isa = PBXFileReference; explicitFileType = wrapper.framework; includeInIndex = 0; path = Pods_RFTestDemo.framework; sourceTree = BUILT_PRODUCTS_DIR; };
		94222D340B9921ACC2FADE73 /* Pods-RFTestDemo.debug.xcconfig */ = {isa = PBXFileReference; includeInIndex = 1; lastKnownFileType = text.xcconfig; name = "Pods-RFTestDemo.debug.xcconfig"; path = "Pods/Target Support Files/Pods-RFTestDemo/Pods-RFTestDemo.debug.xcconfig"; sourceTree = "<group>"; };
		BBE655964C8AA47DBD286412 /* Pods-RFTestDemo.release.xcconfig */ = {isa = PBXFileReference; includeInIndex = 1; lastKnownFileType = text.xcconfig; name = "Pods-RFTestDemo.release.xcconfig"; path = "Pods/Target Support Files/Pods-RFTestDemo/Pods-RFTestDemo.release.xcconfig"; sourceTree = "<group>"; };
/* End PBXFileReference section */

/* Begin PBXFrameworksBuildPhase section */
		430BBB8F206B629B00D7999F /* Frameworks */ = {
			isa = PBXFrameworksBuildPhase;
			buildActionMask = 2147483647;
			files = (
				CFE5C948E5C2CC4C22F71D64 /* Pods_RFTestDemo.framework in Frameworks */,
			);
			runOnlyForDeploymentPostprocessing = 0;
		};
		430BBBAC206B63EF00D7999F /* Frameworks */ = {
			isa = PBXFrameworksBuildPhase;
			buildActionMask = 2147483647;
			files = (
			);
			runOnlyForDeploymentPostprocessing = 0;
		};
/* End PBXFrameworksBuildPhase section */

/* Begin PBXGroup section */
		10E23E1BC443ADB2524457B8 /* Frameworks */ = {
			isa = PBXGroup;
			children = (
				638B729F1779850CE9BE47D3 /* Pods_RFTestDemo.framework */,
			);
			name = Frameworks;
			sourceTree = "<group>";
		};
		430BBB89206B629B00D7999F = {
			isa = PBXGroup;
			children = (
				430BBB94206B629B00D7999F /* RFTestDemo */,
				430BBBB0206B63EF00D7999F /* RFTestDemoUITests */,
				430BBB93206B629B00D7999F /* Products */,
				7DF01A85818B6ACD66DCD4FE /* Pods */,
				10E23E1BC443ADB2524457B8 /* Frameworks */,
			);
			sourceTree = "<group>";
		};
		430BBB93206B629B00D7999F /* Products */ = {
			isa = PBXGroup;
			children = (
				430BBB92206B629B00D7999F /* RFTestDemo.app */,
				430BBBAF206B63EF00D7999F /* RFTestDemoUITests.xctest */,
			);
			name = Products;
			sourceTree = "<group>";
		};
		430BBB94206B629B00D7999F /* RFTestDemo */ = {
			isa = PBXGroup;
			children = (
				430BBB95206B629B00D7999F /* AppDelegate.h */,
				430BBB96206B629B00D7999F /* AppDelegate.m */,
				434D0142207EF72800666193 /* Macro */,
				434D00DC207EF4D500666193 /* Model */,
				434D0109207EF4D600666193 /* View */,
				434D00F4207EF4D500666193 /* ViewController */,
				434D00FE207EF4D500666193 /* ViewModel */,
				434D0107207EF4D500666193 /* Resource */,
				434D0121207EF6E600666193 /* Utils */,
				434D0138207EF6E600666193 /* Vendor */,
				43FF27E920731D62004950B3 /* RFPrefixHeader.pch */,
				430BBB9B206B629B00D7999F /* Main.storyboard */,
				430BBB9E206B629B00D7999F /* Assets.xcassets */,
				430BBBA0206B629B00D7999F /* LaunchScreen.storyboard */,
				430BBBA3206B629B00D7999F /* Info.plist */,
				430BBBA4206B629C00D7999F /* main.m */,
			);
			path = RFTestDemo;
			sourceTree = "<group>";
		};
		430BBBB0206B63EF00D7999F /* RFTestDemoUITests */ = {
			isa = PBXGroup;
			children = (
				430BBBB1206B63EF00D7999F /* RFTestDemoUITests.m */,
				430BBBBA206B642900D7999F /* SnapshotHelper.swift */,
				430BBBB3206B63EF00D7999F /* Info.plist */,
				430BBBB9206B642900D7999F /* RFTestDemoUITests-Bridging-Header.h */,
				430BBBBC206B684A00D7999F /* RFTestUI-Swift.h */,
			);
			path = RFTestDemoUITests;
			sourceTree = "<group>";
		};
		434D00DC207EF4D500666193 /* Model */ = {
			isa = PBXGroup;
			children = (
				434D0147207EFDFB00666193 /* Home */,
			);
			path = Model;
			sourceTree = "<group>";
		};
		434D00F4207EF4D500666193 /* ViewController */ = {
			isa = PBXGroup;
			children = (
				434D00F5207EF4D500666193 /* Home */,
				434D00F8207EF4D500666193 /* Me */,
				434D00FD207EF4D500666193 /* Base */,
			);
			path = ViewController;
			sourceTree = "<group>";
		};
		434D00F5207EF4D500666193 /* Home */ = {
			isa = PBXGroup;
			children = (
				434D00F7207EF4D500666193 /* ViewController.h */,
				434D00F6207EF4D500666193 /* ViewController.m */,
			);
			path = Home;
			sourceTree = "<group>";
		};
		434D00F8207EF4D500666193 /* Me */ = {
			isa = PBXGroup;
			children = (
				434D00F9207EF4D500666193 /* TestViewController.m */,
				434D00FA207EF4D500666193 /* NextViewController.m */,
				434D00FB207EF4D500666193 /* NextViewController.h */,
				434D00FC207EF4D500666193 /* TestViewController.h */,
			);
			path = Me;
			sourceTree = "<group>";
		};
		434D00FD207EF4D500666193 /* Base */ = {
			isa = PBXGroup;
			children = (
			);
			path = Base;
			sourceTree = "<group>";
		};
		434D00FE207EF4D500666193 /* ViewModel */ = {
			isa = PBXGroup;
			children = (
				434D0100207EF4D500666193 /* HomeViewModel */,
				434D0104207EF4D500666193 /* Base */,
			);
			path = ViewModel;
			sourceTree = "<group>";
		};
		434D0100207EF4D500666193 /* HomeViewModel */ = {
			isa = PBXGroup;
			children = (
				434D00FF207EF4D500666193 /* Box.h */,
				434D0103207EF4D500666193 /* Box.m */,
				434D0102207EF4D500666193 /* HomeViewModel.h */,
				434D0101207EF4D500666193 /* HomeViewModel.m */,
			);
			path = HomeViewModel;
			sourceTree = "<group>";
		};
		434D0104207EF4D500666193 /* Base */ = {
			isa = PBXGroup;
			children = (
				434D0105207EF4D500666193 /* HomeCellViewModel.h */,
				434D0106207EF4D500666193 /* HomeCellViewModel.m */,
			);
			path = Base;
			sourceTree = "<group>";
		};
		434D0107207EF4D500666193 /* Resource */ = {
			isa = PBXGroup;
			children = (
				434D0108207EF4D500666193 /* test.html */,
			);
			path = Resource;
			sourceTree = "<group>";
		};
		434D0109207EF4D600666193 /* View */ = {
			isa = PBXGroup;
			children = (
				434D010A207EF4D600666193 /* Home */,
				434D010E207EF4D600666193 /* Me */,
				434D010F207EF4D600666193 /* Base */,
			);
			path = View;
			sourceTree = "<group>";
		};
		434D010A207EF4D600666193 /* Home */ = {
			isa = PBXGroup;
			children = (
				434D010B207EF4D600666193 /* HomeCell.h */,
				434D010C207EF4D600666193 /* HomeCell.m */,
				434D010D207EF4D600666193 /* HomeCell.xib */,
			);
			path = Home;
			sourceTree = "<group>";
		};
		434D010E207EF4D600666193 /* Me */ = {
			isa = PBXGroup;
			children = (
			);
			path = Me;
			sourceTree = "<group>";
		};
		434D010F207EF4D600666193 /* Base */ = {
			isa = PBXGroup;
			children = (
			);
			path = Base;
			sourceTree = "<group>";
		};
		434D0121207EF6E600666193 /* Utils */ = {
			isa = PBXGroup;
			children = (
				434D0122207EF6E600666193 /* HttpClient */,
				434D012A207EF6E600666193 /* Category */,
				434D012B207EF6E600666193 /* CrashRepoter */,
				434D0135207EF6E600666193 /* Protocol */,
				434D0137207EF6E600666193 /* Helper */,
			);
			path = Utils;
			sourceTree = "<group>";
		};
		434D0122207EF6E600666193 /* HttpClient */ = {
			isa = PBXGroup;
			children = (
				43ED8D1F207F3D6900F32E80 /* RFCache.h */,
				43ED8D20207F3D6900F32E80 /* RFCache.m */,
				434D0126207EF6E600666193 /* RFHttpClient.h */,
				434D0123207EF6E600666193 /* RFHttpClient.m */,
				434D0127207EF6E600666193 /* RFHttpConfig.h */,
				434D0124207EF6E600666193 /* RFHttpConfig.m */,
				434D0128207EF6E600666193 /* RFHttpClientDelegate.h */,
			);
			path = HttpClient;
			sourceTree = "<group>";
		};
		434D012A207EF6E600666193 /* Category */ = {
			isa = PBXGroup;
			children = (
			);
			path = Category;
			sourceTree = "<group>";
		};
		434D012B207EF6E600666193 /* CrashRepoter */ = {
			isa = PBXGroup;
			children = (
				434D012C207EF6E600666193 /* RFExceptionHelper.m */,
				434D012D207EF6E600666193 /* RFExceptionCaptureProtocol.h */,
				434D012E207EF6E600666193 /* RFExceptionUploader.m */,
				434D012F207EF6E600666193 /* RFCrashCollector.m */,
				434D0130207EF6E600666193 /* RFExceptionCapture.h */,
				434D0131207EF6E600666193 /* RFExceptionHelper.h */,
				434D0132207EF6E600666193 /* RFExceptionUploader.h */,
				434D0133207EF6E600666193 /* RFExceptionCapture.m */,
				434D0134207EF6E600666193 /* RFCrashCollector.h */,
			);
			path = CrashRepoter;
			sourceTree = "<group>";
		};
		434D0135207EF6E600666193 /* Protocol */ = {
			isa = PBXGroup;
			children = (
				434D0136207EF6E600666193 /* RFReactView.h */,
			);
			path = Protocol;
			sourceTree = "<group>";
		};
		434D0137207EF6E600666193 /* Helper */ = {
			isa = PBXGroup;
			children = (
			);
			path = Helper;
			sourceTree = "<group>";
		};
		434D0138207EF6E600666193 /* Vendor */ = {
			isa = PBXGroup;
			children = (
				434D0139207EF6E600666193 /* CustomView */,
				434D013A207EF6E600666193 /* ThirdParty */,
			);
			path = Vendor;
			sourceTree = "<group>";
		};
		434D0139207EF6E600666193 /* CustomView */ = {
			isa = PBXGroup;
			children = (
			);
			path = CustomView;
			sourceTree = "<group>";
		};
		434D013A207EF6E600666193 /* ThirdParty */ = {
			isa = PBXGroup;
			children = (
			);
			path = ThirdParty;
			sourceTree = "<group>";
		};
		434D0142207EF72800666193 /* Macro */ = {
			isa = PBXGroup;
			children = (
			);
			path = Macro;
			sourceTree = "<group>";
		};
		434D0147207EFDFB00666193 /* Home */ = {
			isa = PBXGroup;
			children = (
				434D0148207EFDFB00666193 /* HomeModel.h */,
				434D0149207EFDFB00666193 /* HomeModel.m */,
			);
			path = Home;
			sourceTree = "<group>";
		};
		7DF01A85818B6ACD66DCD4FE /* Pods */ = {
			isa = PBXGroup;
			children = (
				94222D340B9921ACC2FADE73 /* Pods-RFTestDemo.debug.xcconfig */,
				BBE655964C8AA47DBD286412 /* Pods-RFTestDemo.release.xcconfig */,
			);
			name = Pods;
			sourceTree = "<group>";
		};
/* End PBXGroup section */

/* Begin PBXNativeTarget section */
		430BBB91206B629B00D7999F /* RFTestDemo */ = {
			isa = PBXNativeTarget;
			buildConfigurationList = 430BBBA8206B629C00D7999F /* Build configuration list for PBXNativeTarget "RFTestDemo" */;
			buildPhases = (
				22A38D7EA0E2AB275FFA2213 /* [CP] Check Pods Manifest.lock */,
				430BBB8E206B629B00D7999F /* Sources */,
				430BBB8F206B629B00D7999F /* Frameworks */,
				430BBB90206B629B00D7999F /* Resources */,
				5951FFCF233A5B8E5D75A9EE /* [CP] Embed Pods Frameworks */,
				02BE7E1623C146C96E5A66DB /* [CP] Copy Pods Resources */,
			);
			buildRules = (
			);
			dependencies = (
			);
			name = RFTestDemo;
			productName = RFTestDemo;
			productReference = 430BBB92206B629B00D7999F /* RFTestDemo.app */;
			productType = "com.apple.product-type.application";
		};
		430BBBAE206B63EF00D7999F /* RFTestDemoUITests */ = {
			isa = PBXNativeTarget;
			buildConfigurationList = 430BBBB6206B63EF00D7999F /* Build configuration list for PBXNativeTarget "RFTestDemoUITests" */;
			buildPhases = (
				430BBBAB206B63EF00D7999F /* Sources */,
				430BBBAC206B63EF00D7999F /* Frameworks */,
				430BBBAD206B63EF00D7999F /* Resources */,
			);
			buildRules = (
			);
			dependencies = (
				430BBBB5206B63EF00D7999F /* PBXTargetDependency */,
			);
			name = RFTestDemoUITests;
			productName = RFTestDemoUITests;
			productReference = 430BBBAF206B63EF00D7999F /* RFTestDemoUITests.xctest */;
			productType = "com.apple.product-type.bundle.ui-testing";
		};
/* End PBXNativeTarget section */

/* Begin PBXProject section */
		430BBB8A206B629B00D7999F /* Project object */ = {
			isa = PBXProject;
			attributes = {
				LastUpgradeCheck = 0930;
				ORGANIZATIONNAME = redfinge;
				TargetAttributes = {
					430BBB91206B629B00D7999F = {
						CreatedOnToolsVersion = 9.2;
						ProvisioningStyle = Manual;
					};
					430BBBAE206B63EF00D7999F = {
						CreatedOnToolsVersion = 9.2;
						LastSwiftMigration = 0920;
						ProvisioningStyle = Automatic;
						TestTargetID = 430BBB91206B629B00D7999F;
					};
				};
			};
			buildConfigurationList = 430BBB8D206B629B00D7999F /* Build configuration list for PBXProject "RFTestDemo" */;
			compatibilityVersion = "Xcode 8.0";
			developmentRegion = en;
			hasScannedForEncodings = 0;
			knownRegions = (
				en,
				Base,
			);
			mainGroup = 430BBB89206B629B00D7999F;
			productRefGroup = 430BBB93206B629B00D7999F /* Products */;
			projectDirPath = "";
			projectRoot = "";
			targets = (
				430BBB91206B629B00D7999F /* RFTestDemo */,
				430BBBAE206B63EF00D7999F /* RFTestDemoUITests */,
			);
		};
/* End PBXProject section */

/* Begin PBXResourcesBuildPhase section */
		430BBB90206B629B00D7999F /* Resources */ = {
			isa = PBXResourcesBuildPhase;
			buildActionMask = 2147483647;
			files = (
				434D011E207EF4D600666193 /* test.html in Resources */,
				430BBBA2206B629B00D7999F /* LaunchScreen.storyboard in Resources */,
				430BBB9F206B629B00D7999F /* Assets.xcassets in Resources */,
				430BBB9D206B629B00D7999F /* Main.storyboard in Resources */,
				434D0120207EF4D600666193 /* HomeCell.xib in Resources */,
			);
			runOnlyForDeploymentPostprocessing = 0;
		};
		430BBBAD206B63EF00D7999F /* Resources */ = {
			isa = PBXResourcesBuildPhase;
			buildActionMask = 2147483647;
			files = (
			);
			runOnlyForDeploymentPostprocessing = 0;
		};
/* End PBXResourcesBuildPhase section */

/* Begin PBXShellScriptBuildPhase section */
		02BE7E1623C146C96E5A66DB /* [CP] Copy Pods Resources */ = {
			isa = PBXShellScriptBuildPhase;
			buildActionMask = 2147483647;
			files = (
			);
			inputPaths = (
			);
			name = "[CP] Copy Pods Resources";
			outputPaths = (
			);
			runOnlyForDeploymentPostprocessing = 0;
			shellPath = /bin/sh;
			shellScript = "\"${SRCROOT}/Pods/Target Support Files/Pods-RFTestDemo/Pods-RFTestDemo-resources.sh\"\n";
			showEnvVarsInLog = 0;
		};
		22A38D7EA0E2AB275FFA2213 /* [CP] Check Pods Manifest.lock */ = {
			isa = PBXShellScriptBuildPhase;
			buildActionMask = 2147483647;
			files = (
			);
			inputPaths = (
				"${PODS_PODFILE_DIR_PATH}/Podfile.lock",
				"${PODS_ROOT}/Manifest.lock",
			);
			name = "[CP] Check Pods Manifest.lock";
			outputPaths = (
				"$(DERIVED_FILE_DIR)/Pods-RFTestDemo-checkManifestLockResult.txt",
			);
			runOnlyForDeploymentPostprocessing = 0;
			shellPath = /bin/sh;
			shellScript = "diff \"${PODS_PODFILE_DIR_PATH}/Podfile.lock\" \"${PODS_ROOT}/Manifest.lock\" > /dev/null\nif [ $? != 0 ] ; then\n    # print error to STDERR\n    echo \"error: The sandbox is not in sync with the Podfile.lock. Run 'pod install' or update your CocoaPods installation.\" >&2\n    exit 1\nfi\n# This output is used by Xcode 'outputs' to avoid re-running this script phase.\necho \"SUCCESS\" > \"${SCRIPT_OUTPUT_FILE_0}\"\n";
			showEnvVarsInLog = 0;
		};
		5951FFCF233A5B8E5D75A9EE /* [CP] Embed Pods Frameworks */ = {
			isa = PBXShellScriptBuildPhase;
			buildActionMask = 2147483647;
			files = (
			);
			inputPaths = (
				"${SRCROOT}/Pods/Target Support Files/Pods-RFTestDemo/Pods-RFTestDemo-frameworks.sh",
				"${BUILT_PRODUCTS_DIR}/AFNetworking/AFNetworking.framework",
				"${BUILT_PRODUCTS_DIR}/MBProgressHUD/MBProgressHUD.framework",
				"${BUILT_PRODUCTS_DIR}/YYKit/YYKit.framework",
			);
			name = "[CP] Embed Pods Frameworks";
			outputPaths = (
				"${TARGET_BUILD_DIR}/${FRAMEWORKS_FOLDER_PATH}/AFNetworking.framework",
				"${TARGET_BUILD_DIR}/${FRAMEWORKS_FOLDER_PATH}/MBProgressHUD.framework",
				"${TARGET_BUILD_DIR}/${FRAMEWORKS_FOLDER_PATH}/YYKit.framework",
			);
			runOnlyForDeploymentPostprocessing = 0;
			shellPath = /bin/sh;
			shellScript = "\"${SRCROOT}/Pods/Target Support Files/Pods-RFTestDemo/Pods-RFTestDemo-frameworks.sh\"\n";
			showEnvVarsInLog = 0;
		};
/* End PBXShellScriptBuildPhase section */

/* Begin PBXSourcesBuildPhase section */
		430BBB8E206B629B00D7999F /* Sources */ = {
			isa = PBXSourcesBuildPhase;
			buildActionMask = 2147483647;
			files = (
				434D011C207EF4D600666193 /* Box.m in Sources */,
				434D011D207EF4D600666193 /* HomeCellViewModel.m in Sources */,
				430BBBA5206B629C00D7999F /* main.m in Sources */,
				434D013C207EF6E600666193 /* RFHttpConfig.m in Sources */,
				434D013B207EF6E600666193 /* RFHttpClient.m in Sources */,
				434D011A207EF4D600666193 /* NextViewController.m in Sources */,
				43ED8D21207F3D6900F32E80 /* RFCache.m in Sources */,
				434D0141207EF6E600666193 /* RFExceptionCapture.m in Sources */,
				434D0118207EF4D600666193 /* ViewController.m in Sources */,
				434D0119207EF4D600666193 /* TestViewController.m in Sources */,
				434D013F207EF6E600666193 /* RFExceptionUploader.m in Sources */,
				434D013E207EF6E600666193 /* RFExceptionHelper.m in Sources */,
				434D011B207EF4D600666193 /* HomeViewModel.m in Sources */,
				434D011F207EF4D600666193 /* HomeCell.m in Sources */,
				434D014A207EFDFB00666193 /* HomeModel.m in Sources */,
				434D0140207EF6E600666193 /* RFCrashCollector.m in Sources */,
				430BBB97206B629B00D7999F /* AppDelegate.m in Sources */,
			);
			runOnlyForDeploymentPostprocessing = 0;
		};
		430BBBAB206B63EF00D7999F /* Sources */ = {
			isa = PBXSourcesBuildPhase;
			buildActionMask = 2147483647;
			files = (
				430BBBB2206B63EF00D7999F /* RFTestDemoUITests.m in Sources */,
				430BBBBB206B642900D7999F /* SnapshotHelper.swift in Sources */,
			);
			runOnlyForDeploymentPostprocessing = 0;
		};
/* End PBXSourcesBuildPhase section */

/* Begin PBXTargetDependency section */
		430BBBB5206B63EF00D7999F /* PBXTargetDependency */ = {
			isa = PBXTargetDependency;
			target = 430BBB91206B629B00D7999F /* RFTestDemo */;
			targetProxy = 430BBBB4206B63EF00D7999F /* PBXContainerItemProxy */;
		};
/* End PBXTargetDependency section */

/* Begin PBXVariantGroup section */
		430BBB9B206B629B00D7999F /* Main.storyboard */ = {
			isa = PBXVariantGroup;
			children = (
				430BBB9C206B629B00D7999F /* Base */,
			);
			name = Main.storyboard;
			sourceTree = "<group>";
		};
		430BBBA0206B629B00D7999F /* LaunchScreen.storyboard */ = {
			isa = PBXVariantGroup;
			children = (
				430BBBA1206B629B00D7999F /* Base */,
			);
			name = LaunchScreen.storyboard;
			sourceTree = "<group>";
		};
/* End PBXVariantGroup section */

/* Begin XCBuildConfiguration section */
		430BBBA6206B629C00D7999F /* Debug */ = {
			isa = XCBuildConfiguration;
			buildSettings = {
				ALWAYS_SEARCH_USER_PATHS = NO;
				CLANG_ANALYZER_NONNULL = YES;
				CLANG_ANALYZER_NUMBER_OBJECT_CONVERSION = YES_AGGRESSIVE;
				CLANG_CXX_LANGUAGE_STANDARD = "gnu++14";
				CLANG_CXX_LIBRARY = "libc++";
				CLANG_ENABLE_MODULES = YES;
				CLANG_ENABLE_OBJC_ARC = YES;
				CLANG_WARN_BLOCK_CAPTURE_AUTORELEASING = YES;
				CLANG_WARN_BOOL_CONVERSION = YES;
				CLANG_WARN_COMMA = YES;
				CLANG_WARN_CONSTANT_CONVERSION = YES;
				CLANG_WARN_DEPRECATED_OBJC_IMPLEMENTATIONS = YES;
				CLANG_WARN_DIRECT_OBJC_ISA_USAGE = YES_ERROR;
				CLANG_WARN_DOCUMENTATION_COMMENTS = YES;
				CLANG_WARN_EMPTY_BODY = YES;
				CLANG_WARN_ENUM_CONVERSION = YES;
				CLANG_WARN_INFINITE_RECURSION = YES;
				CLANG_WARN_INT_CONVERSION = YES;
				CLANG_WARN_NON_LITERAL_NULL_CONVERSION = YES;
				CLANG_WARN_OBJC_IMPLICIT_RETAIN_SELF = YES;
				CLANG_WARN_OBJC_LITERAL_CONVERSION = YES;
				CLANG_WARN_OBJC_ROOT_CLASS = YES_ERROR;
				CLANG_WARN_RANGE_LOOP_ANALYSIS = YES;
				CLANG_WARN_STRICT_PROTOTYPES = YES;
				CLANG_WARN_SUSPICIOUS_MOVE = YES;
				CLANG_WARN_UNGUARDED_AVAILABILITY = YES_AGGRESSIVE;
				CLANG_WARN_UNREACHABLE_CODE = YES;
				CLANG_WARN__DUPLICATE_METHOD_MATCH = YES;
				CODE_SIGN_IDENTITY = "iPhone Developer";
				COPY_PHASE_STRIP = NO;
				DEBUG_INFORMATION_FORMAT = dwarf;
				ENABLE_STRICT_OBJC_MSGSEND = YES;
				ENABLE_TESTABILITY = YES;
				GCC_C_LANGUAGE_STANDARD = gnu11;
				GCC_DYNAMIC_NO_PIC = NO;
				GCC_NO_COMMON_BLOCKS = YES;
				GCC_OPTIMIZATION_LEVEL = 0;
				GCC_PREPROCESSOR_DEFINITIONS = (
					"DEBUG=1",
					"$(inherited)",
				);
				GCC_WARN_64_TO_32_BIT_CONVERSION = YES;
				GCC_WARN_ABOUT_RETURN_TYPE = YES_ERROR;
				GCC_WARN_UNDECLARED_SELECTOR = YES;
				GCC_WARN_UNINITIALIZED_AUTOS = YES_AGGRESSIVE;
				GCC_WARN_UNUSED_FUNCTION = YES;
				GCC_WARN_UNUSED_VARIABLE = YES;
				IPHONEOS_DEPLOYMENT_TARGET = 11.2;
				MTL_ENABLE_DEBUG_INFO = YES;
				ONLY_ACTIVE_ARCH = YES;
				SDKROOT = iphoneos;
			};
			name = Debug;
		};
		430BBBA7206B629C00D7999F /* Release */ = {
			isa = XCBuildConfiguration;
			buildSettings = {
				ALWAYS_SEARCH_USER_PATHS = NO;
				CLANG_ANALYZER_NONNULL = YES;
				CLANG_ANALYZER_NUMBER_OBJECT_CONVERSION = YES_AGGRESSIVE;
				CLANG_CXX_LANGUAGE_STANDARD = "gnu++14";
				CLANG_CXX_LIBRARY = "libc++";
				CLANG_ENABLE_MODULES = YES;
				CLANG_ENABLE_OBJC_ARC = YES;
				CLANG_WARN_BLOCK_CAPTURE_AUTORELEASING = YES;
				CLANG_WARN_BOOL_CONVERSION = YES;
				CLANG_WARN_COMMA = YES;
				CLANG_WARN_CONSTANT_CONVERSION = YES;
				CLANG_WARN_DEPRECATED_OBJC_IMPLEMENTATIONS = YES;
				CLANG_WARN_DIRECT_OBJC_ISA_USAGE = YES_ERROR;
				CLANG_WARN_DOCUMENTATION_COMMENTS = YES;
				CLANG_WARN_EMPTY_BODY = YES;
				CLANG_WARN_ENUM_CONVERSION = YES;
				CLANG_WARN_INFINITE_RECURSION = YES;
				CLANG_WARN_INT_CONVERSION = YES;
				CLANG_WARN_NON_LITERAL_NULL_CONVERSION = YES;
				CLANG_WARN_OBJC_IMPLICIT_RETAIN_SELF = YES;
				CLANG_WARN_OBJC_LITERAL_CONVERSION = YES;
				CLANG_WARN_OBJC_ROOT_CLASS = YES_ERROR;
				CLANG_WARN_RANGE_LOOP_ANALYSIS = YES;
				CLANG_WARN_STRICT_PROTOTYPES = YES;
				CLANG_WARN_SUSPICIOUS_MOVE = YES;
				CLANG_WARN_UNGUARDED_AVAILABILITY = YES_AGGRESSIVE;
				CLANG_WARN_UNREACHABLE_CODE = YES;
				CLANG_WARN__DUPLICATE_METHOD_MATCH = YES;
				CODE_SIGN_IDENTITY = "iPhone Developer";
				COPY_PHASE_STRIP = NO;
				DEBUG_INFORMATION_FORMAT = "dwarf-with-dsym";
				ENABLE_NS_ASSERTIONS = NO;
				ENABLE_STRICT_OBJC_MSGSEND = YES;
				GCC_C_LANGUAGE_STANDARD = gnu11;
				GCC_NO_COMMON_BLOCKS = YES;
				GCC_WARN_64_TO_32_BIT_CONVERSION = YES;
				GCC_WARN_ABOUT_RETURN_TYPE = YES_ERROR;
				GCC_WARN_UNDECLARED_SELECTOR = YES;
				GCC_WARN_UNINITIALIZED_AUTOS = YES_AGGRESSIVE;
				GCC_WARN_UNUSED_FUNCTION = YES;
				GCC_WARN_UNUSED_VARIABLE = YES;
				IPHONEOS_DEPLOYMENT_TARGET = 11.2;
				MTL_ENABLE_DEBUG_INFO = NO;
				SDKROOT = iphoneos;
				SWIFT_COMPILATION_MODE = wholemodule;
				VALIDATE_PRODUCT = YES;
			};
			name = Release;
		};
		430BBBA9206B629C00D7999F /* Debug */ = {
			isa = XCBuildConfiguration;
			baseConfigurationReference = 94222D340B9921ACC2FADE73 /* Pods-RFTestDemo.debug.xcconfig */;
			buildSettings = {
				ASSETCATALOG_COMPILER_APPICON_NAME = AppIcon;
				CODE_SIGN_STYLE = Manual;
				DEVELOPMENT_TEAM = U3QT8LF4JE;
				GCC_PREFIX_HEADER = /Users/linitial/Desktop/RFTestDemo/RFTestDemo/RFPrefixHeader.pch;
				INFOPLIST_FILE = RFTestDemo/Info.plist;
				LD_RUNPATH_SEARCH_PATHS = "$(inherited) @executable_path/Frameworks";
				PRODUCT_BUNDLE_IDENTIFIER = com.redfinger.RFTestDemo;
				PRODUCT_NAME = "$(TARGET_NAME)";
				PROVISIONING_PROFILE = "c7644d44-daae-4904-92b0-4d903e42bec3";
				PROVISIONING_PROFILE_SPECIFIER = RFTest_Fl;
				TARGETED_DEVICE_FAMILY = 1;
			};
			name = Debug;
		};
		430BBBAA206B629C00D7999F /* Release */ = {
			isa = XCBuildConfiguration;
			baseConfigurationReference = BBE655964C8AA47DBD286412 /* Pods-RFTestDemo.release.xcconfig */;
			buildSettings = {
				ASSETCATALOG_COMPILER_APPICON_NAME = AppIcon;
				CODE_SIGN_IDENTITY = "iPhone Distribution";
				CODE_SIGN_STYLE = Manual;
				DEVELOPMENT_TEAM = U3QT8LF4JE;
				GCC_PREFIX_HEADER = /Users/linitial/Desktop/RFTestDemo/RFTestDemo/RFPrefixHeader.pch;
				INFOPLIST_FILE = RFTestDemo/Info.plist;
				LD_RUNPATH_SEARCH_PATHS = "$(inherited) @executable_path/Frameworks";
				PRODUCT_BUNDLE_IDENTIFIER = com.redfinger.RFTestDemo;
				PRODUCT_NAME = "$(TARGET_NAME)";
				PROVISIONING_PROFILE = "31fce4c3-02ec-485a-bf1e-39bf970ed39c";
				PROVISIONING_PROFILE_SPECIFIER = "com.redfinger.RFTestDemo AppStore";
				TARGETED_DEVICE_FAMILY = 1;
			};
			name = Release;
		};
		430BBBB7206B63EF00D7999F /* Debug */ = {
			isa = XCBuildConfiguration;
			buildSettings = {
				CLANG_ENABLE_MODULES = YES;
				CODE_SIGN_STYLE = Automatic;
				DEFINES_MODULE = YES;
				DEVELOPMENT_TEAM = U3QT8LF4JE;
				INFOPLIST_FILE = RFTestDemoUITests/Info.plist;
				LD_RUNPATH_SEARCH_PATHS = "$(inherited) @executable_path/Frameworks @loader_path/Frameworks";
				PRODUCT_BUNDLE_IDENTIFIER = com.redfinge.RFTestDemoUITests;
				PRODUCT_NAME = "$(TARGET_NAME)";
				SWIFT_OBJC_BRIDGING_HEADER = "RFTestDemoUITests/RFTestDemoUITests-Bridging-Header.h";
				SWIFT_OPTIMIZATION_LEVEL = "-Onone";
				SWIFT_VERSION = 3.0;
				TARGETED_DEVICE_FAMILY = "1,2";
				TEST_TARGET_NAME = RFTestDemo;
			};
			name = Debug;
		};
		430BBBB8206B63EF00D7999F /* Release */ = {
			isa = XCBuildConfiguration;
			buildSettings = {
				CLANG_ENABLE_MODULES = YES;
				CODE_SIGN_STYLE = Automatic;
				DEFINES_MODULE = YES;
				DEVELOPMENT_TEAM = U3QT8LF4JE;
				INFOPLIST_FILE = RFTestDemoUITests/Info.plist;
				LD_RUNPATH_SEARCH_PATHS = "$(inherited) @executable_path/Frameworks @loader_path/Frameworks";
				PRODUCT_BUNDLE_IDENTIFIER = com.redfinge.RFTestDemoUITests;
				PRODUCT_NAME = "$(TARGET_NAME)";
				SWIFT_OBJC_BRIDGING_HEADER = "RFTestDemoUITests/RFTestDemoUITests-Bridging-Header.h";
				SWIFT_VERSION = 3.0;
				TARGETED_DEVICE_FAMILY = "1,2";
				TEST_TARGET_NAME = RFTestDemo;
			};
			name = Release;
		};
/* End XCBuildConfiguration section */

/* Begin XCConfigurationList section */
		430BBB8D206B629B00D7999F /* Build configuration list for PBXProject "RFTestDemo" */ = {
			isa = XCConfigurationList;
			buildConfigurations = (
				430BBBA6206B629C00D7999F /* Debug */,
				430BBBA7206B629C00D7999F /* Release */,
			);
			defaultConfigurationIsVisible = 0;
			defaultConfigurationName = Release;
		};
		430BBBA8206B629C00D7999F /* Build configuration list for PBXNativeTarget "RFTestDemo" */ = {
			isa = XCConfigurationList;
			buildConfigurations = (
				430BBBA9206B629C00D7999F /* Debug */,
				430BBBAA206B629C00D7999F /* Release */,
			);
			defaultConfigurationIsVisible = 0;
			defaultConfigurationName = Release;
		};
		430BBBB6206B63EF00D7999F /* Build configuration list for PBXNativeTarget "RFTestDemoUITests" */ = {
			isa = XCConfigurationList;
			buildConfigurations = (
				430BBBB7206B63EF00D7999F /* Debug */,
				430BBBB8206B63EF00D7999F /* Release */,
			);
			defaultConfigurationIsVisible = 0;
			defaultConfigurationName = Release;
		};
/* End XCConfigurationList section */
	};
	rootObject = 430BBB8A206B629B00D7999F /* Project object */;
}
